
Microsoft Visual Studio Solution File, Format Version 12.00
# Visual Studio 14
VisualStudioVersion = 14.0.23107.0
MinimumVisualStudioVersion = 10.0.40219.1
Project("{FAE04EC0-301F-11D3-BF4B-00C04F79EFBC}") = "WarehouseManagerPiotrek.Models", "WarehouseManagerPiotrek.Models\WarehouseManagerPiotrek.Models.csproj", "{D571A92E-0BEE-4EEA-9875-7B9699107736}"
EndProject
Project("{FAE04EC0-301F-11D3-BF4B-00C04F79EFBC}") = "WarehouseManagerPiotrek.WinFormsApp", "WarehouseManagerPiotrek.WinFormsApp\WarehouseManagerPiotrek.WinFormsApp.csproj", "{2E380CB8-75B1-4C1A-8824-B842E995EBF0}"
EndProject
Project("{FAE04EC0-301F-11D3-BF4B-00C04F79EFBC}") = "WarehouseManagerPiotrek.ConsoleApp", "WarehouseManagerPiotrek.ConsoleApp\WarehouseManagerPiotrek.ConsoleApp.csproj", "{1073271C-9ED0-4331-9A71-D820FC1F8A24}"
EndProject
Project("{FAE04EC0-301F-11D3-BF4B-00C04F79EFBC}") = "WarehouseManagerPiotrek.DataAccessLayer", "WarehouseManagerPiotrek.DataAccessLayer\WarehouseManagerPiotrek.DataAccessLayer.csproj", "{378FE8E3-524C-4936-80D6-E50BC6434A44}"
EndProject
Project("{FAE04EC0-301F-11D3-BF4B-00C04F79EFBC}") = "WarehouseManagerPiotrek.CurrencyXml", "WarehouseManagerPiotrek.CurrencyXml\WarehouseManagerPiotrek.CurrencyXml.csproj", "{6E87769D-933B-4504-B3F7-C9936F0A3FF5}"
EndProject
Global
	GlobalSection(SolutionConfigurationPlatforms) = preSolution
		Debug|Any CPU = Debug|Any CPU
		Release|Any CPU = Release|Any CPU
	EndGlobalSection
	GlobalSection(ProjectConfigurationPlatforms) = postSolution
		{D571A92E-0BEE-4EEA-9875-7B9699107736}.Debug|Any CPU.ActiveCfg = Debug|Any CPU
		{D571A92E-0BEE-4EEA-9875-7B9699107736}.Debug|Any CPU.Build.0 = Debug|Any CPU
		{D571A92E-0BEE-4EEA-9875-7B9699107736}.Release|Any CPU.ActiveCfg = Release|Any CPU
		{D571A92E-0BEE-4EEA-9875-7B9699107736}.Release|Any CPU.Build.0 = Release|Any CPU
		{2E380CB8-75B1-4C1A-8824-B842E995EBF0}.Debug|Any CPU.ActiveCfg = Debug|Any CPU
		{2E380CB8-75B1-4C1A-8824-B842E995EBF0}.Debug|Any CPU.Build.0 = Debug|Any CPU
		{2E380CB8-75B1-4C1A-8824-B842E995EBF0}.Release|Any CPU.ActiveCfg = Release|Any CPU
		{2E380CB8-75B1-4C1A-8824-B842E995EBF0}.Release|Any CPU.Build.0 = Release|Any CPU
		{1073271C-9ED0-4331-9A71-D820FC1F8A24}.Debug|Any CPU.ActiveCfg = Debug|Any CPU
		{1073271C-9ED0-4331-9A71-D820FC1F8A24}.Debug|Any CPU.Build.0 = Debug|Any CPU
		{1073271C-9ED0-4331-9A71-D820FC1F8A24}.Release|Any CPU.ActiveCfg = Release|Any CPU
		{1073271C-9ED0-4331-9A71-D820FC1F8A24}.Release|Any CPU.Build.0 = Release|Any CPU
		{378FE8E3-524C-4936-80D6-E50BC6434A44}.Debug|Any CPU.ActiveCfg = Debug|Any CPU
		{378FE8E3-524C-4936-80D6-E50BC6434A44}.Debug|Any CPU.Build.0 = Debug|Any CPU
		{378FE8E3-524C-4936-80D6-E50BC6434A44}.Release|Any CPU.ActiveCfg = Release|Any CPU
		{378FE8E3-524C-4936-80D6-E50BC6434A44}.Release|Any CPU.Build.0 = Release|Any CPU
		{6E87769D-933B-4504-B3F7-C9936F0A3FF5}.Debug|Any CPU.ActiveCfg = Debug|Any CPU
		{6E87769D-933B-4504-B3F7-C9936F0A3FF5}.Debug|Any CPU.Build.0 = Debug|Any CPU
		{6E87769D-933B-4504-B3F7-C9936F0A3FF5}.Release|Any CPU.ActiveCfg = Release|Any CPU
		{6E87769D-933B-4504-B3F7-C9936F0A3FF5}.Release|Any CPU.Build.0 = Release|Any CPU
	EndGlobalSection
	GlobalSection(SolutionProperties) = preSolution
		HideSolutionNode = FALSE
	EndGlobalSection
EndGlobal
