
Microsoft Visual Studio Solution File, Format Version 12.00
# Visual Studio 14
VisualStudioVersion = 14.0.24720.0
MinimumVisualStudioVersion = 10.0.40219.1
Project("{FAE04EC0-301F-11D3-BF4B-00C04F79EFBC}") = "WarehouseManager.Models", "WarehouseManager.Models\WarehouseManager.Models.csproj", "{A13F725C-51CA-4A3B-8CAA-FDE5B6C385FF}"
EndProject
Project("{FAE04EC0-301F-11D3-BF4B-00C04F79EFBC}") = "WarehouseManager.WinFormsApp", "WarehouseManager.WinFormsApp\WarehouseManager.WinFormsApp.csproj", "{C2AAE999-0BC2-4C17-9146-9AC17D90BECE}"
EndProject
Project("{FAE04EC0-301F-11D3-BF4B-00C04F79EFBC}") = "WarehouseManager.ConsoleApp", "WarehouseManager.ConsoleApp\WarehouseManager.ConsoleApp.csproj", "{EE6D4315-7236-4218-8C17-FA07C5DEA0C2}"
EndProject
Project("{FAE04EC0-301F-11D3-BF4B-00C04F79EFBC}") = "WarehouseManager.DataAccessLayer", "WarehouseManager.DataAccessLayer\WarehouseManager.DataAccessLayer.csproj", "{5EB1F58B-B660-49E1-BB0A-2B12A20B5F85}"
EndProject
Project("{FAE04EC0-301F-11D3-BF4B-00C04F79EFBC}") = "WarehouseManager.CurrencyXml", "WarehouseManager.CurrencyXml\WarehouseManager.CurrencyXml.csproj", "{D4DE717A-F933-4AD2-AA09-F8F1ED8A8516}"
EndProject
Global
	GlobalSection(SolutionConfigurationPlatforms) = preSolution
		Debug|Any CPU = Debug|Any CPU
		Release|Any CPU = Release|Any CPU
	EndGlobalSection
	GlobalSection(ProjectConfigurationPlatforms) = postSolution
		{A13F725C-51CA-4A3B-8CAA-FDE5B6C385FF}.Debug|Any CPU.ActiveCfg = Debug|Any CPU
		{A13F725C-51CA-4A3B-8CAA-FDE5B6C385FF}.Debug|Any CPU.Build.0 = Debug|Any CPU
		{A13F725C-51CA-4A3B-8CAA-FDE5B6C385FF}.Release|Any CPU.ActiveCfg = Release|Any CPU
		{A13F725C-51CA-4A3B-8CAA-FDE5B6C385FF}.Release|Any CPU.Build.0 = Release|Any CPU
		{C2AAE999-0BC2-4C17-9146-9AC17D90BECE}.Debug|Any CPU.ActiveCfg = Debug|Any CPU
		{C2AAE999-0BC2-4C17-9146-9AC17D90BECE}.Debug|Any CPU.Build.0 = Debug|Any CPU
		{C2AAE999-0BC2-4C17-9146-9AC17D90BECE}.Release|Any CPU.ActiveCfg = Release|Any CPU
		{C2AAE999-0BC2-4C17-9146-9AC17D90BECE}.Release|Any CPU.Build.0 = Release|Any CPU
		{EE6D4315-7236-4218-8C17-FA07C5DEA0C2}.Debug|Any CPU.ActiveCfg = Debug|Any CPU
		{EE6D4315-7236-4218-8C17-FA07C5DEA0C2}.Debug|Any CPU.Build.0 = Debug|Any CPU
		{EE6D4315-7236-4218-8C17-FA07C5DEA0C2}.Release|Any CPU.ActiveCfg = Release|Any CPU
		{EE6D4315-7236-4218-8C17-FA07C5DEA0C2}.Release|Any CPU.Build.0 = Release|Any CPU
		{5EB1F58B-B660-49E1-BB0A-2B12A20B5F85}.Debug|Any CPU.ActiveCfg = Debug|Any CPU
		{5EB1F58B-B660-49E1-BB0A-2B12A20B5F85}.Debug|Any CPU.Build.0 = Debug|Any CPU
		{5EB1F58B-B660-49E1-BB0A-2B12A20B5F85}.Release|Any CPU.ActiveCfg = Release|Any CPU
		{5EB1F58B-B660-49E1-BB0A-2B12A20B5F85}.Release|Any CPU.Build.0 = Release|Any CPU
		{D4DE717A-F933-4AD2-AA09-F8F1ED8A8516}.Debug|Any CPU.ActiveCfg = Debug|Any CPU
		{D4DE717A-F933-4AD2-AA09-F8F1ED8A8516}.Debug|Any CPU.Build.0 = Debug|Any CPU
		{D4DE717A-F933-4AD2-AA09-F8F1ED8A8516}.Release|Any CPU.ActiveCfg = Release|Any CPU
		{D4DE717A-F933-4AD2-AA09-F8F1ED8A8516}.Release|Any CPU.Build.0 = Release|Any CPU
	EndGlobalSection
	GlobalSection(SolutionProperties) = preSolution
		HideSolutionNode = FALSE
	EndGlobalSection
EndGlobal
